
Microsoft Visual Studio Solution File, Format Version 12.00
# Visual Studio 15
VisualStudioVersion = 15.0.28307.1525
MinimumVisualStudioVersion = 10.0.40219.1
Project("{FAE04EC0-301F-11D3-BF4B-00C04F79EFBC}") = "testAJAX", "testAJAX\testAJAX.csproj", "{8344C746-7EA8-4F84-8360-81AAE47BF73E}"
EndProject
Global
	GlobalSection(SolutionConfigurationPlatforms) = preSolution
		Debug|Any CPU = Debug|Any CPU
		Release|Any CPU = Release|Any CPU
	EndGlobalSection
	GlobalSection(ProjectConfigurationPlatforms) = postSolution
		{8344C746-7EA8-4F84-8360-81AAE47BF73E}.Debug|Any CPU.ActiveCfg = Debug|Any CPU
		{8344C746-7EA8-4F84-8360-81AAE47BF73E}.Debug|Any CPU.Build.0 = Debug|Any CPU
		{8344C746-7EA8-4F84-8360-81AAE47BF73E}.Release|Any CPU.ActiveCfg = Release|Any CPU
		{8344C746-7EA8-4F84-8360-81AAE47BF73E}.Release|Any CPU.Build.0 = Release|Any CPU
	EndGlobalSection
	GlobalSection(SolutionProperties) = preSolution
		HideSolutionNode = FALSE
	EndGlobalSection
	GlobalSection(ExtensibilityGlobals) = postSolution
		SolutionGuid = {2752B901-C289-4B38-8F9A-240418A33F0B}
	EndGlobalSection
EndGlobal
